# This file is automatically @generated by Cargo.
# It is not intended for manual editing.
version = 4

[[package]]
name = "ipnetx"
version = "0.2.0"
source = "registry+https://github.com/rust-lang/crates.io-index"
checksum = "a9224ebd22cf16f47fd99f3658a3d23771d84b5db7c8e5f52402cba71e5e4535"

[[package]]
name = "netlpm"
version = "0.1.0"
dependencies = [
 "ipnetx",
]
